github.com/jgustavoj/go_greetings v0.0.0-20230602150140-67105fa54f22 h1:+p3VyEKyCnCGl9LHNqgTgRXYwZUshIEo3deDts5LIow=
github.com/jgustavoj/go_greetings v0.0.0-20230602150140-67105fa54f22/go.mod h1:pnJuwrZr5jih387/ikkRBJ4cY7sQVxee1VbB5fW13yU=
github.com/jgustavoj/go_greetings v0.0.0-20230606010836-5ea966f88545 h1:Dex43mRvWBzLs18PFrviSZTba96RRbCcFW7QCKFi210=
github.com/jgustavoj/go_greetings v0.0.0-20230606010836-5ea966f88545/go.mod h1:pnJuwrZr5jih387/ikkRBJ4cY7sQVxee1VbB5fW13yU=
